
Microsoft Visual Studio Solution File, Format Version 12.00
# Visual Studio Version 16
VisualStudioVersion = 16.0.31129.286
MinimumVisualStudioVersion = 10.0.40219.1
Project("{9A19103F-16F7-4668-BE54-9A1E7A4F7556}") = "UC22-ReadContactUsingJsonServer", "UC22-ReadContactUsingJsonServer.csproj", "{3C70F0A0-747F-493C-A79E-828885CE178B}"
EndProject
Project("{FAE04EC0-301F-11D3-BF4B-00C04F79EFBC}") = "UC22-Test", "..\UC22-Test\UC22-Test.csproj", "{D7720885-A802-4018-9174-A966426A81CF}"
EndProject
Project("{FAE04EC0-301F-11D3-BF4B-00C04F79EFBC}") = "UC22-RestSharpTest", "..\UC22-RestSharpTest\UC22-RestSharpTest.csproj", "{1D578B09-D5FC-4564-A8FA-59946CE4B4BC}"
EndProject
Global
	GlobalSection(SolutionConfigurationPlatforms) = preSolution
		Debug|Any CPU = Debug|Any CPU
		Release|Any CPU = Release|Any CPU
	EndGlobalSection
	GlobalSection(ProjectConfigurationPlatforms) = postSolution
		{3C70F0A0-747F-493C-A79E-828885CE178B}.Debug|Any CPU.ActiveCfg = Debug|Any CPU
		{3C70F0A0-747F-493C-A79E-828885CE178B}.Debug|Any CPU.Build.0 = Debug|Any CPU
		{3C70F0A0-747F-493C-A79E-828885CE178B}.Release|Any CPU.ActiveCfg = Release|Any CPU
		{3C70F0A0-747F-493C-A79E-828885CE178B}.Release|Any CPU.Build.0 = Release|Any CPU
		{D7720885-A802-4018-9174-A966426A81CF}.Debug|Any CPU.ActiveCfg = Debug|Any CPU
		{D7720885-A802-4018-9174-A966426A81CF}.Debug|Any CPU.Build.0 = Debug|Any CPU
		{D7720885-A802-4018-9174-A966426A81CF}.Release|Any CPU.ActiveCfg = Release|Any CPU
		{D7720885-A802-4018-9174-A966426A81CF}.Release|Any CPU.Build.0 = Release|Any CPU
		{1D578B09-D5FC-4564-A8FA-59946CE4B4BC}.Debug|Any CPU.ActiveCfg = Debug|Any CPU
		{1D578B09-D5FC-4564-A8FA-59946CE4B4BC}.Debug|Any CPU.Build.0 = Debug|Any CPU
		{1D578B09-D5FC-4564-A8FA-59946CE4B4BC}.Release|Any CPU.ActiveCfg = Release|Any CPU
		{1D578B09-D5FC-4564-A8FA-59946CE4B4BC}.Release|Any CPU.Build.0 = Release|Any CPU
	EndGlobalSection
	GlobalSection(SolutionProperties) = preSolution
		HideSolutionNode = FALSE
	EndGlobalSection
	GlobalSection(ExtensibilityGlobals) = postSolution
		SolutionGuid = {4C27EA67-1885-45C6-BBDA-5F5FA613858B}
	EndGlobalSection
EndGlobal
