
Microsoft Visual Studio Solution File, Format Version 12.00
# Visual Studio Version 16
VisualStudioVersion = 16.0.31129.286
MinimumVisualStudioVersion = 10.0.40219.1
Project("{FAE04EC0-301F-11D3-BF4B-00C04F79EFBC}") = "UC15-ReadWriteToJSONfile", "UC15-ReadWriteToJSONfile\UC15-ReadWriteToJSONfile.csproj", "{70AB339D-9604-4FAD-838F-E3AFFAF65FEC}"
EndProject
Global
	GlobalSection(SolutionConfigurationPlatforms) = preSolution
		Debug|Any CPU = Debug|Any CPU
		Release|Any CPU = Release|Any CPU
	EndGlobalSection
	GlobalSection(ProjectConfigurationPlatforms) = postSolution
		{70AB339D-9604-4FAD-838F-E3AFFAF65FEC}.Debug|Any CPU.ActiveCfg = Debug|Any CPU
		{70AB339D-9604-4FAD-838F-E3AFFAF65FEC}.Debug|Any CPU.Build.0 = Debug|Any CPU
		{70AB339D-9604-4FAD-838F-E3AFFAF65FEC}.Release|Any CPU.ActiveCfg = Release|Any CPU
		{70AB339D-9604-4FAD-838F-E3AFFAF65FEC}.Release|Any CPU.Build.0 = Release|Any CPU
	EndGlobalSection
	GlobalSection(SolutionProperties) = preSolution
		HideSolutionNode = FALSE
	EndGlobalSection
	GlobalSection(ExtensibilityGlobals) = postSolution
		SolutionGuid = {7DCADB43-3267-4135-96DF-047FC4120985}
	EndGlobalSection
EndGlobal
