
Microsoft Visual Studio Solution File, Format Version 12.00
# Visual Studio Version 16
VisualStudioVersion = 16.0.31129.286
MinimumVisualStudioVersion = 10.0.40219.1
Project("{FAE04EC0-301F-11D3-BF4B-00C04F79EFBC}") = "UC21-ReadWriteWithJsonServer", "UC21-ReadWriteWithJsonServer.csproj", "{C39B39E2-7F0A-492F-ACCB-C1CD36FA3061}"
EndProject
Project("{FAE04EC0-301F-11D3-BF4B-00C04F79EFBC}") = "UC21-Test", "..\UC21-Test\UC21-Test.csproj", "{B491817D-6487-455B-B9B3-6AD0002D07CD}"
EndProject
Global
	GlobalSection(SolutionConfigurationPlatforms) = preSolution
		Debug|Any CPU = Debug|Any CPU
		Release|Any CPU = Release|Any CPU
	EndGlobalSection
	GlobalSection(ProjectConfigurationPlatforms) = postSolution
		{C39B39E2-7F0A-492F-ACCB-C1CD36FA3061}.Debug|Any CPU.ActiveCfg = Debug|Any CPU
		{C39B39E2-7F0A-492F-ACCB-C1CD36FA3061}.Debug|Any CPU.Build.0 = Debug|Any CPU
		{C39B39E2-7F0A-492F-ACCB-C1CD36FA3061}.Release|Any CPU.ActiveCfg = Release|Any CPU
		{C39B39E2-7F0A-492F-ACCB-C1CD36FA3061}.Release|Any CPU.Build.0 = Release|Any CPU
		{B491817D-6487-455B-B9B3-6AD0002D07CD}.Debug|Any CPU.ActiveCfg = Debug|Any CPU
		{B491817D-6487-455B-B9B3-6AD0002D07CD}.Debug|Any CPU.Build.0 = Debug|Any CPU
		{B491817D-6487-455B-B9B3-6AD0002D07CD}.Release|Any CPU.ActiveCfg = Release|Any CPU
		{B491817D-6487-455B-B9B3-6AD0002D07CD}.Release|Any CPU.Build.0 = Release|Any CPU
	EndGlobalSection
	GlobalSection(SolutionProperties) = preSolution
		HideSolutionNode = FALSE
	EndGlobalSection
	GlobalSection(ExtensibilityGlobals) = postSolution
		SolutionGuid = {D3EAA67C-6F48-4548-8CD1-056BF67EBF3F}
	EndGlobalSection
EndGlobal
